<Solution>
  <Folder Name="/src/">
    <Project Path="src/Viox.Client.Librespot/Viox.Client.Librespot.csproj" />
    <Project Path="src/Viox.Client.Podverse/Viox.Client.Podverse.csproj" />
    <Project Path="src/Viox.Client.RadioBrowser/Viox.Client.RadioBrowser.csproj" />
    <Project Path="src/Viox.Client.Spotify/Viox.Client.Spotify.csproj" />
    <Project Path="src/Viox.Client.TuneIn/Viox.Client.TuneIn.csproj" />
    <Project Path="src/Viox.Core/Viox.Core.csproj" />
    <Project Path="src/Viox.Client.Mpd/Viox.Client.Mpd.csproj" />
    <Project Path="src/Viox.Server/Viox.Server.csproj" />
    <Project Path="src/Viox.Snapcast/Viox.Snapcast.csproj" />
    <Project Path="src/Viox.Client.Files/Viox.Client.Files.csproj" />
    <Project Path="src/Viox.Epg/Viox.Epg.csproj" />
  </Folder>
  <Folder Name="/tests/">
    <Project Path="tests/Viox.Tests.Core/Viox.Tests.Core.csproj" />
  </Folder>
</Solution>
