Microsoft Visual Studio Solution File, Format Version 12.00
# Visual Studio Version 17
VisualStudioVersion = 17.0.31903.59
MinimumVisualStudioVersion = 10.0.40219.1
Project("{2150E333-8FDC-42A3-9474-1A3956D46DE8}") = "src", "src", "{176D6EE4-0188-462A-8652-F1962862EC07}"
EndProject
Project("{2150E333-8FDC-42A3-9474-1A3956D46DE8}") = "tests", "tests", "{DB381CA7-9115-40D8-B21C-1353074C0FC1}"
EndProject
Project("{FAE04EC0-301F-11D3-BF4B-00C04F79EFBC}") = "Viox.Client.Files", "src\Viox.Client.Files\Viox.Client.Files.csproj", "{B34A1B82-E76B-4191-8861-12497042571D}"
EndProject
Project("{FAE04EC0-301F-11D3-BF4B-00C04F79EFBC}") = "Viox.Client.Librespot", "src\Viox.Client.Librespot\Viox.Client.Librespot.csproj", "{FCEBE859-0368-4BB2-80C7-8F36CB891A67}"
EndProject
Project("{FAE04EC0-301F-11D3-BF4B-00C04F79EFBC}") = "Viox.Client.Mpd", "src\Viox.Client.Mpd\Viox.Client.Mpd.csproj", "{D210948E-531A-4F8A-A23C-9C149B61E5DF}"
EndProject
Project("{FAE04EC0-301F-11D3-BF4B-00C04F79EFBC}") = "Viox.Client.Podverse", "src\Viox.Client.Podverse\Viox.Client.Podverse.csproj", "{89055C18-12F1-4E5F-95FD-7F4D3869669B}"
EndProject
Project("{FAE04EC0-301F-11D3-BF4B-00C04F79EFBC}") = "Viox.Client.RadioBrowser", "src\Viox.Client.RadioBrowser\Viox.Client.RadioBrowser.csproj", "{123B875D-FAE3-458E-9981-DA231B54F1B5}"
EndProject
Project("{FAE04EC0-301F-11D3-BF4B-00C04F79EFBC}") = "Viox.Client.Spotify", "src\Viox.Client.Spotify\Viox.Client.Spotify.csproj", "{83437264-5473-4C5A-8056-EBA68D05CCDA}"
EndProject
Project("{FAE04EC0-301F-11D3-BF4B-00C04F79EFBC}") = "Viox.Client.TuneIn", "src\Viox.Client.TuneIn\Viox.Client.TuneIn.csproj", "{8F45958F-2C97-4F31-96F5-2CCCA2AC1789}"
EndProject
Project("{FAE04EC0-301F-11D3-BF4B-00C04F79EFBC}") = "Viox.Core", "src\Viox.Core\Viox.Core.csproj", "{76249BBB-3233-4A96-AA1A-8098595A0896}"
EndProject
Project("{FAE04EC0-301F-11D3-BF4B-00C04F79EFBC}") = "Viox.Server", "src\Viox.Server\Viox.Server.csproj", "{CC682C23-071C-455F-B6F9-F971094E5B6D}"
EndProject
Project("{FAE04EC0-301F-11D3-BF4B-00C04F79EFBC}") = "Viox.Snapcast", "src\Viox.Snapcast\Viox.Snapcast.csproj", "{588998CE-B5AF-4EAB-8FB1-CBBB3DE56CA5}"
EndProject
Project("{FAE04EC0-301F-11D3-BF4B-00C04F79EFBC}") = "Viox.Tests.Core", "tests\Viox.Tests.Core\Viox.Tests.Core.csproj", "{3E921A33-87B1-4A51-9252-25D6C5D4B2A8}"
EndProject
Global
	GlobalSection(SolutionConfigurationPlatforms) = preSolution
		Debug|Any CPU = Debug|Any CPU
		Release|Any CPU = Release|Any CPU
	EndGlobalSection
	GlobalSection(ProjectConfigurationPlatforms) = postSolution
		{B34A1B82-E76B-4191-8861-12497042571D}.Debug|Any CPU.ActiveCfg = Debug|Any CPU
		{B34A1B82-E76B-4191-8861-12497042571D}.Debug|Any CPU.Build.0 = Debug|Any CPU
		{B34A1B82-E76B-4191-8861-12497042571D}.Release|Any CPU.ActiveCfg = Release|Any CPU
		{B34A1B82-E76B-4191-8861-12497042571D}.Release|Any CPU.Build.0 = Release|Any CPU
		{FCEBE859-0368-4BB2-80C7-8F36CB891A67}.Debug|Any CPU.ActiveCfg = Debug|Any CPU
		{FCEBE859-0368-4BB2-80C7-8F36CB891A67}.Debug|Any CPU.Build.0 = Debug|Any CPU
		{FCEBE859-0368-4BB2-80C7-8F36CB891A67}.Release|Any CPU.ActiveCfg = Release|Any CPU
		{FCEBE859-0368-4BB2-80C7-8F36CB891A67}.Release|Any CPU.Build.0 = Release|Any CPU
		{D210948E-531A-4F8A-A23C-9C149B61E5DF}.Debug|Any CPU.ActiveCfg = Debug|Any CPU
		{D210948E-531A-4F8A-A23C-9C149B61E5DF}.Debug|Any CPU.Build.0 = Debug|Any CPU
		{D210948E-531A-4F8A-A23C-9C149B61E5DF}.Release|Any CPU.ActiveCfg = Release|Any CPU
		{D210948E-531A-4F8A-A23C-9C149B61E5DF}.Release|Any CPU.Build.0 = Release|Any CPU
		{89055C18-12F1-4E5F-95FD-7F4D3869669B}.Debug|Any CPU.ActiveCfg = Debug|Any CPU
		{89055C18-12F1-4E5F-95FD-7F4D3869669B}.Debug|Any CPU.Build.0 = Debug|Any CPU
		{89055C18-12F1-4E5F-95FD-7F4D3869669B}.Release|Any CPU.ActiveCfg = Release|Any CPU
		{89055C18-12F1-4E5F-95FD-7F4D3869669B}.Release|Any CPU.Build.0 = Release|Any CPU
		{123B875D-FAE3-458E-9981-DA231B54F1B5}.Debug|Any CPU.ActiveCfg = Debug|Any CPU
		{123B875D-FAE3-458E-9981-DA231B54F1B5}.Debug|Any CPU.Build.0 = Debug|Any CPU
		{123B875D-FAE3-458E-9981-DA231B54F1B5}.Release|Any CPU.ActiveCfg = Release|Any CPU
		{123B875D-FAE3-458E-9981-DA231B54F1B5}.Release|Any CPU.Build.0 = Release|Any CPU
		{83437264-5473-4C5A-8056-EBA68D05CCDA}.Debug|Any CPU.ActiveCfg = Debug|Any CPU
		{83437264-5473-4C5A-8056-EBA68D05CCDA}.Debug|Any CPU.Build.0 = Debug|Any CPU
		{83437264-5473-4C5A-8056-EBA68D05CCDA}.Release|Any CPU.ActiveCfg = Release|Any CPU
		{83437264-5473-4C5A-8056-EBA68D05CCDA}.Release|Any CPU.Build.0 = Release|Any CPU
		{8F45958F-2C97-4F31-96F5-2CCCA2AC1789}.Debug|Any CPU.ActiveCfg = Debug|Any CPU
		{8F45958F-2C97-4F31-96F5-2CCCA2AC1789}.Debug|Any CPU.Build.0 = Debug|Any CPU
		{8F45958F-2C97-4F31-96F5-2CCCA2AC1789}.Release|Any CPU.ActiveCfg = Release|Any CPU
		{8F45958F-2C97-4F31-96F5-2CCCA2AC1789}.Release|Any CPU.Build.0 = Release|Any CPU
		{76249BBB-3233-4A96-AA1A-8098595A0896}.Debug|Any CPU.ActiveCfg = Debug|Any CPU
		{76249BBB-3233-4A96-AA1A-8098595A0896}.Debug|Any CPU.Build.0 = Debug|Any CPU
		{76249BBB-3233-4A96-AA1A-8098595A0896}.Release|Any CPU.ActiveCfg = Release|Any CPU
		{76249BBB-3233-4A96-AA1A-8098595A0896}.Release|Any CPU.Build.0 = Release|Any CPU
		{CC682C23-071C-455F-B6F9-F971094E5B6D}.Debug|Any CPU.ActiveCfg = Debug|Any CPU
		{CC682C23-071C-455F-B6F9-F971094E5B6D}.Debug|Any CPU.Build.0 = Debug|Any CPU
		{CC682C23-071C-455F-B6F9-F971094E5B6D}.Release|Any CPU.ActiveCfg = Release|Any CPU
		{CC682C23-071C-455F-B6F9-F971094E5B6D}.Release|Any CPU.Build.0 = Release|Any CPU
		{588998CE-B5AF-4EAB-8FB1-CBBB3DE56CA5}.Debug|Any CPU.ActiveCfg = Debug|Any CPU
		{588998CE-B5AF-4EAB-8FB1-CBBB3DE56CA5}.Debug|Any CPU.Build.0 = Debug|Any CPU
		{588998CE-B5AF-4EAB-8FB1-CBBB3DE56CA5}.Release|Any CPU.ActiveCfg = Release|Any CPU
		{588998CE-B5AF-4EAB-8FB1-CBBB3DE56CA5}.Release|Any CPU.Build.0 = Release|Any CPU
		{3E921A33-87B1-4A51-9252-25D6C5D4B2A8}.Debug|Any CPU.ActiveCfg = Debug|Any CPU
		{3E921A33-87B1-4A51-9252-25D6C5D4B2A8}.Debug|Any CPU.Build.0 = Debug|Any CPU
		{3E921A33-87B1-4A51-9252-25D6C5D4B2A8}.Release|Any CPU.ActiveCfg = Release|Any CPU
		{3E921A33-87B1-4A51-9252-25D6C5D4B2A8}.Release|Any CPU.Build.0 = Release|Any CPU
	EndGlobalSection
	GlobalSection(SolutionProperties) = preSolution
		HideSolutionNode = FALSE
	EndGlobalSection
	GlobalSection(NestedProjects) = preSolution
		{B34A1B82-E76B-4191-8861-12497042571D} = {176D6EE4-0188-462A-8652-F1962862EC07}
		{FCEBE859-0368-4BB2-80C7-8F36CB891A67} = {176D6EE4-0188-462A-8652-F1962862EC07}
		{D210948E-531A-4F8A-A23C-9C149B61E5DF} = {176D6EE4-0188-462A-8652-F1962862EC07}
		{89055C18-12F1-4E5F-95FD-7F4D3869669B} = {176D6EE4-0188-462A-8652-F1962862EC07}
		{123B875D-FAE3-458E-9981-DA231B54F1B5} = {176D6EE4-0188-462A-8652-F1962862EC07}
		{83437264-5473-4C5A-8056-EBA68D05CCDA} = {176D6EE4-0188-462A-8652-F1962862EC07}
		{8F45958F-2C97-4F31-96F5-2CCCA2AC1789} = {176D6EE4-0188-462A-8652-F1962862EC07}
		{76249BBB-3233-4A96-AA1A-8098595A0896} = {176D6EE4-0188-462A-8652-F1962862EC07}
		{CC682C23-071C-455F-B6F9-F971094E5B6D} = {176D6EE4-0188-462A-8652-F1962862EC07}
		{588998CE-B5AF-4EAB-8FB1-CBBB3DE56CA5} = {176D6EE4-0188-462A-8652-F1962862EC07}
		{3E921A33-87B1-4A51-9252-25D6C5D4B2A8} = {DB381CA7-9115-40D8-B21C-1353074C0FC1}
	EndGlobalSection
EndGlobal
