Microsoft Visual Studio Solution File, Format Version 12.00
# Visual Studio Version 17
VisualStudioVersion = 17.10.35000.0
MinimumVisualStudioVersion = 10.0.40219.1
Project("{9A19103F-16F7-4668-BE54-9A1E7A4F7556}") = "Viox.Client.Youtube", "Viox.Client.Youtube\Viox.Client.Youtube.csproj", "{4E2C730A-9B7C-4321-A528-2A8B58D02B6D}"
EndProject
Project("{2150E333-8FDC-42A3-9474-1A3956D46DE8}") = "Solution Items", "Solution Items", "{3D6A125E-C0B2-4322-86C7-646A940176D8}"
	ProjectSection(SolutionItems) = preProject
		.editorconfig = .editorconfig
		README.md = README.md
	EndProjectSection
EndProject
Global
	GlobalSection(SolutionConfigurationPlatforms) = preSolution
		Debug|Any CPU = Debug|Any CPU
		Release|Any CPU = Release|Any CPU
	EndGlobalSection
	GlobalSection(ProjectConfigurationPlatforms) = postSolution
		{4E2C730A-9B7C-4321-A528-2A8B58D02B6D}.Debug|Any CPU.ActiveCfg = Debug|Any CPU
		{4E2C730A-9B7C-4321-A528-2A8B58D02B6D}.Debug|Any CPU.Build.0 = Debug|Any CPU
		{4E2C730A-9B7C-4321-A528-2A8B58D02B6D}.Release|Any CPU.ActiveCfg = Release|Any CPU
		{4E2C730A-9B7C-4321-A528-2A8B58D02B6D}.Release|Any CPU.Build.0 = Release|Any CPU
	EndGlobalSection
	GlobalSection(SolutionProperties) = preSolution
		HideSolutionNode = FALSE
	EndGlobalSection
	GlobalSection(ExtensibilityGlobals) = postSolution
		SolutionGuid = {2A90FDB6-120C-4F10-B147-9D19FA3488BA}
	EndGlobalSection
EndGlobal
